lockfileVersion: 5.3

specifiers:
  axios: ^0.24.0
  query-string: ^7.1.1
  typescript: ^4.5.4

dependencies:
  axios: 0.24.0
  query-string: 7.1.1
  typescript: 4.5.4

packages:

  /axios/0.24.0:
    resolution: {integrity: sha512-Q6cWsys88HoPgAaFAVUb0WpPk0O8iTeisR9IMqy9G8AbO4NlpVknrnQS03zzF9PGAWgO3cgletO3VjV/P7VztA==}
    dependencies:
      follow-redirects: 1.14.6
    transitivePeerDependencies:
      - debug
    dev: false

  /decode-uri-component/0.2.0:
    resolution: {integrity: sha1-6zkTMzRYd1y4TNGh+uBiEGu4dUU=}
    engines: {node: '>=0.10'}
    dev: false

  /filter-obj/1.1.0:
    resolution: {integrity: sha1-mzERErxsYSehbgFsbF1/GeCAXFs=}
    engines: {node: '>=0.10.0'}
    dev: false

  /follow-redirects/1.14.6:
    resolution: {integrity: sha512-fhUl5EwSJbbl8AR+uYL2KQDxLkdSjZGR36xy46AO7cOMTrCMON6Sa28FmAnC2tRTDbd/Uuzz3aJBv7EBN7JH8A==}
    engines: {node: '>=4.0'}
    peerDependencies:
      debug: '*'
    peerDependenciesMeta:
      debug:
        optional: true
    dev: false

  /query-string/7.1.1:
    resolution: {integrity: sha512-MplouLRDHBZSG9z7fpuAAcI7aAYjDLhtsiVZsevsfaHWDS2IDdORKbSd1kWUA+V4zyva/HZoSfpwnYMMQDhb0w==}
    engines: {node: '>=6'}
    dependencies:
      decode-uri-component: 0.2.0
      filter-obj: 1.1.0
      split-on-first: 1.1.0
      strict-uri-encode: 2.0.0
    dev: false

  /split-on-first/1.1.0:
    resolution: {integrity: sha512-43ZssAJaMusuKWL8sKUBQXHWOpq8d6CfN/u1p4gUzfJkM05C8rxTmYrkIPTXapZpORA6LkkzcUulJ8FqA7Uudw==}
    engines: {node: '>=6'}
    dev: false

  /strict-uri-encode/2.0.0:
    resolution: {integrity: sha1-ucczDHBChi9rFC3CdLvMWGbONUY=}
    engines: {node: '>=4'}
    dev: false

  /typescript/4.5.4:
    resolution: {integrity: sha512-VgYs2A2QIRuGphtzFV7aQJduJ2gyfTljngLzjpfW9FoYZF6xuw1W0vW9ghCKLfcWrCFxK81CSGRAvS1pn4fIUg==}
    engines: {node: '>=4.2.0'}
    hasBin: true
    dev: false
